// !$*UTF8*$!
{
	archiveVersion = 1;
	classes = {
	};
	objectVersion = 50;
	objects = {

/* Begin PBXBuildFile section */
		F771E49822690F7400B9DE46 /* Images.xcassets in Resources */ = {isa = PBXBuildFile; fileRef = F771E49722690F7400B9DE46 /* Images.xcassets */; };
		F771E49D2269118700B9DE46 /* GuineaPig.wav in Resources */ = {isa = PBXBuildFile; fileRef = F771E49A2269118700B9DE46 /* GuineaPig.wav */; };
		F771E49E2269118700B9DE46 /* Lemur.wav in Resources */ = {isa = PBXBuildFile; fileRef = F771E49B2269118700B9DE46 /* Lemur.wav */; };
		F771E49F2269118700B9DE46 /* Chipmunk.wav in Resources */ = {isa = PBXBuildFile; fileRef = F771E49C2269118700B9DE46 /* Chipmunk.wav */; };
		F799021B226656A6001969DD /* AppDelegate.swift in Sources */ = {isa = PBXBuildFile; fileRef = F799021A226656A6001969DD /* AppDelegate.swift */; };
		F799021D226656A6001969DD /* ViewController.swift in Sources */ = {isa = PBXBuildFile; fileRef = F799021C226656A6001969DD /* ViewController.swift */; };
		F7990220226656A6001969DD /* Main.storyboard in Resources */ = {isa = PBXBuildFile; fileRef = F799021E226656A6001969DD /* Main.storyboard */; };
		F7990225226656A7001969DD /* LaunchScreen.storyboard in Resources */ = {isa = PBXBuildFile; fileRef = F7990223226656A7001969DD /* LaunchScreen.storyboard */; };
		F7990230226656A7001969DD /* ItsAZooInThereTests.swift in Sources */ = {isa = PBXBuildFile; fileRef = F799022F226656A7001969DD /* ItsAZooInThereTests.swift */; };
/* End PBXBuildFile section */

/* Begin PBXContainerItemProxy section */
		F799022C226656A7001969DD /* PBXContainerItemProxy */ = {
			isa = PBXContainerItemProxy;
			containerPortal = F799020F226656A5001969DD /* Project object */;
			proxyType = 1;
			remoteGlobalIDString = F7990216226656A6001969DD;
			remoteInfo = ItsAZooInThere;
		};
/* End PBXContainerItemProxy section */

/* Begin PBXFileReference section */
		F771E49722690F7400B9DE46 /* Images.xcassets */ = {isa = PBXFileReference; lastKnownFileType = folder.assetcatalog; path = Images.xcassets; sourceTree = "<group>"; };
		F771E49A2269118700B9DE46 /* GuineaPig.wav */ = {isa = PBXFileReference; lastKnownFileType = audio.wav; path = GuineaPig.wav; sourceTree = "<group>"; };
		F771E49B2269118700B9DE46 /* Lemur.wav */ = {isa = PBXFileReference; lastKnownFileType = audio.wav; path = Lemur.wav; sourceTree = "<group>"; };
		F771E49C2269118700B9DE46 /* Chipmunk.wav */ = {isa = PBXFileReference; lastKnownFileType = audio.wav; path = Chipmunk.wav; sourceTree = "<group>"; };
		F7990217226656A6001969DD /* ItsAZooInThere.app */ = {isa = PBXFileReference; explicitFileType = wrapper.application; includeInIndex = 0; path = ItsAZooInThere.app; sourceTree = BUILT_PRODUCTS_DIR; };
		F799021A226656A6001969DD /* AppDelegate.swift */ = {isa = PBXFileReference; lastKnownFileType = sourcecode.swift; path = AppDelegate.swift; sourceTree = "<group>"; };
		F799021C226656A6001969DD /* ViewController.swift */ = {isa = PBXFileReference; lastKnownFileType = sourcecode.swift; path = ViewController.swift; sourceTree = "<group>"; };
		F799021F226656A6001969DD /* Base */ = {isa = PBXFileReference; lastKnownFileType = file.storyboard; name = Base; path = Base.lproj/Main.storyboard; sourceTree = "<group>"; };
		F7990224226656A7001969DD /* Base */ = {isa = PBXFileReference; lastKnownFileType = file.storyboard; name = Base; path = Base.lproj/LaunchScreen.storyboard; sourceTree = "<group>"; };
		F7990226226656A7001969DD /* Info.plist */ = {isa = PBXFileReference; lastKnownFileType = text.plist.xml; path = Info.plist; sourceTree = "<group>"; };
		F799022B226656A7001969DD /* ItsAZooInThereTests.xctest */ = {isa = PBXFileReference; explicitFileType = wrapper.cfbundle; includeInIndex = 0; path = ItsAZooInThereTests.xctest; sourceTree = BUILT_PRODUCTS_DIR; };
		F799022F226656A7001969DD /* ItsAZooInThereTests.swift */ = {isa = PBXFileReference; lastKnownFileType = sourcecode.swift; path = ItsAZooInThereTests.swift; sourceTree = "<group>"; };
		F7990231226656A7001969DD /* Info.plist */ = {isa = PBXFileReference; lastKnownFileType = text.plist.xml; path = Info.plist; sourceTree = "<group>"; };
/* End PBXFileReference section */

/* Begin PBXFrameworksBuildPhase section */
		F7990214226656A6001969DD /* Frameworks */ = {
			isa = PBXFrameworksBuildPhase;
			buildActionMask = 2147483647;
			files = (
			);
			runOnlyForDeploymentPostprocessing = 0;
		};
		F7990228226656A7001969DD /* Frameworks */ = {
			isa = PBXFrameworksBuildPhase;
			buildActionMask = 2147483647;
			files = (
			);
			runOnlyForDeploymentPostprocessing = 0;
		};
/* End PBXFrameworksBuildPhase section */

/* Begin PBXGroup section */
		F771E4992269118700B9DE46 /* Sounds */ = {
			isa = PBXGroup;
			children = (
				F771E49A2269118700B9DE46 /* GuineaPig.wav */,
				F771E49B2269118700B9DE46 /* Lemur.wav */,
				F771E49C2269118700B9DE46 /* Chipmunk.wav */,
			);
			path = Sounds;
			sourceTree = "<group>";
		};
		F799020E226656A5001969DD = {
			isa = PBXGroup;
			children = (
				F7990219226656A6001969DD /* ItsAZooInThere */,
				F799022E226656A7001969DD /* ItsAZooInThereTests */,
				F7990218226656A6001969DD /* Products */,
			);
			sourceTree = "<group>";
		};
		F7990218226656A6001969DD /* Products */ = {
			isa = PBXGroup;
			children = (
				F7990217226656A6001969DD /* ItsAZooInThere.app */,
				F799022B226656A7001969DD /* ItsAZooInThereTests.xctest */,
			);
			name = Products;
			sourceTree = "<group>";
		};
		F7990219226656A6001969DD /* ItsAZooInThere */ = {
			isa = PBXGroup;
			children = (
				F799021A226656A6001969DD /* AppDelegate.swift */,
				F799021C226656A6001969DD /* ViewController.swift */,
				F799021E226656A6001969DD /* Main.storyboard */,
				F7990223226656A7001969DD /* LaunchScreen.storyboard */,
				F7990226226656A7001969DD /* Info.plist */,
				F771E49722690F7400B9DE46 /* Images.xcassets */,
				F771E4992269118700B9DE46 /* Sounds */,
			);
			path = ItsAZooInThere;
			sourceTree = "<group>";
		};
		F799022E226656A7001969DD /* ItsAZooInThereTests */ = {
			isa = PBXGroup;
			children = (
				F799022F226656A7001969DD /* ItsAZooInThereTests.swift */,
				F7990231226656A7001969DD /* Info.plist */,
			);
			path = ItsAZooInThereTests;
			sourceTree = "<group>";
		};
/* End PBXGroup section */

/* Begin PBXNativeTarget section */
		F7990216226656A6001969DD /* ItsAZooInThere */ = {
			isa = PBXNativeTarget;
			buildConfigurationList = F7990234226656A7001969DD /* Build configuration list for PBXNativeTarget "ItsAZooInThere" */;
			buildPhases = (
				F7990213226656A6001969DD /* Sources */,
				F7990214226656A6001969DD /* Frameworks */,
				F7990215226656A6001969DD /* Resources */,
			);
			buildRules = (
			);
			dependencies = (
			);
			name = ItsAZooInThere;
			productName = ItsAZooInThere;
			productReference = F7990217226656A6001969DD /* ItsAZooInThere.app */;
			productType = "com.apple.product-type.application";
		};
		F799022A226656A7001969DD /* ItsAZooInThereTests */ = {
			isa = PBXNativeTarget;
			buildConfigurationList = F7990237226656A7001969DD /* Build configuration list for PBXNativeTarget "ItsAZooInThereTests" */;
			buildPhases = (
				F7990227226656A7001969DD /* Sources */,
				F7990228226656A7001969DD /* Frameworks */,
				F7990229226656A7001969DD /* Resources */,
			);
			buildRules = (
			);
			dependencies = (
				F799022D226656A7001969DD /* PBXTargetDependency */,
			);
			name = ItsAZooInThereTests;
			productName = ItsAZooInThereTests;
			productReference = F799022B226656A7001969DD /* ItsAZooInThereTests.xctest */;
			productType = "com.apple.product-type.bundle.unit-test";
		};
/* End PBXNativeTarget section */

/* Begin PBXProject section */
		F799020F226656A5001969DD /* Project object */ = {
			isa = PBXProject;
			attributes = {
				LastSwiftUpdateCheck = 1020;
				LastUpgradeCheck = 1020;
				ORGANIZATIONNAME = "Ian Lyons";
				TargetAttributes = {
					F7990216226656A6001969DD = {
						CreatedOnToolsVersion = 10.2;
					};
					F799022A226656A7001969DD = {
						CreatedOnToolsVersion = 10.2;
						TestTargetID = F7990216226656A6001969DD;
					};
				};
			};
			buildConfigurationList = F7990212226656A5001969DD /* Build configuration list for PBXProject "ItsAZooInThere" */;
			compatibilityVersion = "Xcode 9.3";
			developmentRegion = en;
			hasScannedForEncodings = 0;
			knownRegions = (
				en,
				Base,
			);
			mainGroup = F799020E226656A5001969DD;
			productRefGroup = F7990218226656A6001969DD /* Products */;
			projectDirPath = "";
			projectRoot = "";
			targets = (
				F7990216226656A6001969DD /* ItsAZooInThere */,
				F799022A226656A7001969DD /* ItsAZooInThereTests */,
			);
		};
/* End PBXProject section */

/* Begin PBXResourcesBuildPhase section */
		F7990215226656A6001969DD /* Resources */ = {
			isa = PBXResourcesBuildPhase;
			buildActionMask = 2147483647;
			files = (
				F771E49822690F7400B9DE46 /* Images.xcassets in Resources */,
				F7990225226656A7001969DD /* LaunchScreen.storyboard in Resources */,
				F771E49E2269118700B9DE46 /* Lemur.wav in Resources */,
				F771E49D2269118700B9DE46 /* GuineaPig.wav in Resources */,
				F7990220226656A6001969DD /* Main.storyboard in Resources */,
				F771E49F2269118700B9DE46 /* Chipmunk.wav in Resources */,
			);
			runOnlyForDeploymentPostprocessing = 0;
		};
		F7990229226656A7001969DD /* Resources */ = {
			isa = PBXResourcesBuildPhase;
			buildActionMask = 2147483647;
			files = (
			);
			runOnlyForDeploymentPostprocessing = 0;
		};
/* End PBXResourcesBuildPhase section */

/* Begin PBXSourcesBuildPhase section */
		F7990213226656A6001969DD /* Sources */ = {
			isa = PBXSourcesBuildPhase;
			buildActionMask = 2147483647;
			files = (
				F799021D226656A6001969DD /* ViewController.swift in Sources */,
				F799021B226656A6001969DD /* AppDelegate.swift in Sources */,
			);
			runOnlyForDeploymentPostprocessing = 0;
		};
		F7990227226656A7001969DD /* Sources */ = {
			isa = PBXSourcesBuildPhase;
			buildActionMask = 2147483647;
			files = (
				F7990230226656A7001969DD /* ItsAZooInThereTests.swift in Sources */,
			);
			runOnlyForDeploymentPostprocessing = 0;
		};
/* End PBXSourcesBuildPhase section */

/* Begin PBXTargetDependency section */
		F799022D226656A7001969DD /* PBXTargetDependency */ = {
			isa = PBXTargetDependency;
			target = F7990216226656A6001969DD /* ItsAZooInThere */;
			targetProxy = F799022C226656A7001969DD /* PBXContainerItemProxy */;
		};
/* End PBXTargetDependency section */

/* Begin PBXVariantGroup section */
		F799021E226656A6001969DD /* Main.storyboard */ = {
			isa = PBXVariantGroup;
			children = (
				F799021F226656A6001969DD /* Base */,
			);
			name = Main.storyboard;
			sourceTree = "<group>";
		};
		F7990223226656A7001969DD /* LaunchScreen.storyboard */ = {
			isa = PBXVariantGroup;
			children = (
				F7990224226656A7001969DD /* Base */,
			);
			name = LaunchScreen.storyboard;
			sourceTree = "<group>";
		};
/* End PBXVariantGroup section */

/* Begin XCBuildConfiguration section */
		F7990232226656A7001969DD /* Debug */ = {
			isa = XCBuildConfiguration;
			buildSettings = {
				ALWAYS_SEARCH_USER_PATHS = NO;
				CLANG_ANALYZER_NONNULL = YES;
				CLANG_ANALYZER_NUMBER_OBJECT_CONVERSION = YES_AGGRESSIVE;
				CLANG_CXX_LANGUAGE_STANDARD = "gnu++14";
				CLANG_CXX_LIBRARY = "libc++";
				CLANG_ENABLE_MODULES = YES;
				CLANG_ENABLE_OBJC_ARC = YES;
				CLANG_ENABLE_OBJC_WEAK = YES;
				CLANG_WARN_BLOCK_CAPTURE_AUTORELEASING = YES;
				CLANG_WARN_BOOL_CONVERSION = YES;
				CLANG_WARN_COMMA = YES;
				CLANG_WARN_CONSTANT_CONVERSION = YES;
				CLANG_WARN_DEPRECATED_OBJC_IMPLEMENTATIONS = YES;
				CLANG_WARN_DIRECT_OBJC_ISA_USAGE = YES_ERROR;
				CLANG_WARN_DOCUMENTATION_COMMENTS = YES;
				CLANG_WARN_EMPTY_BODY = YES;
				CLANG_WARN_ENUM_CONVERSION = YES;
				CLANG_WARN_INFINITE_RECURSION = YES;
				CLANG_WARN_INT_CONVERSION = YES;
				CLANG_WARN_NON_LITERAL_NULL_CONVERSION = YES;
				CLANG_WARN_OBJC_IMPLICIT_RETAIN_SELF = YES;
				CLANG_WARN_OBJC_LITERAL_CONVERSION = YES;
				CLANG_WARN_OBJC_ROOT_CLASS = YES_ERROR;
				CLANG_WARN_RANGE_LOOP_ANALYSIS = YES;
				CLANG_WARN_STRICT_PROTOTYPES = YES;
				CLANG_WARN_SUSPICIOUS_MOVE = YES;
				CLANG_WARN_UNGUARDED_AVAILABILITY = YES_AGGRESSIVE;
				CLANG_WARN_UNREACHABLE_CODE = YES;
				CLANG_WARN__DUPLICATE_METHOD_MATCH = YES;
				CODE_SIGN_IDENTITY = "iPhone Developer";
				COPY_PHASE_STRIP = NO;
				DEBUG_INFORMATION_FORMAT = dwarf;
				ENABLE_STRICT_OBJC_MSGSEND = YES;
				ENABLE_TESTABILITY = YES;
				GCC_C_LANGUAGE_STANDARD = gnu11;
				GCC_DYNAMIC_NO_PIC = NO;
				GCC_NO_COMMON_BLOCKS = YES;
				GCC_OPTIMIZATION_LEVEL = 0;
				GCC_PREPROCESSOR_DEFINITIONS = (
					"DEBUG=1",
					"$(inherited)",
				);
				GCC_WARN_64_TO_32_BIT_CONVERSION = YES;
				GCC_WARN_ABOUT_RETURN_TYPE = YES_ERROR;
				GCC_WARN_UNDECLARED_SELECTOR = YES;
				GCC_WARN_UNINITIALIZED_AUTOS = YES_AGGRESSIVE;
				GCC_WARN_UNUSED_FUNCTION = YES;
				GCC_WARN_UNUSED_VARIABLE = YES;
				IPHONEOS_DEPLOYMENT_TARGET = 12.2;
				MTL_ENABLE_DEBUG_INFO = INCLUDE_SOURCE;
				MTL_FAST_MATH = YES;
				ONLY_ACTIVE_ARCH = YES;
				SDKROOT = iphoneos;
				SWIFT_ACTIVE_COMPILATION_CONDITIONS = DEBUG;
				SWIFT_OPTIMIZATION_LEVEL = "-Onone";
			};
			name = Debug;
		};
		F7990233226656A7001969DD /* Release */ = {
			isa = XCBuildConfiguration;
			buildSettings = {
				ALWAYS_SEARCH_USER_PATHS = NO;
				CLANG_ANALYZER_NONNULL = YES;
				CLANG_ANALYZER_NUMBER_OBJECT_CONVERSION = YES_AGGRESSIVE;
				CLANG_CXX_LANGUAGE_STANDARD = "gnu++14";
				CLANG_CXX_LIBRARY = "libc++";
				CLANG_ENABLE_MODULES = YES;
				CLANG_ENABLE_OBJC_ARC = YES;
				CLANG_ENABLE_OBJC_WEAK = YES;
				CLANG_WARN_BLOCK_CAPTURE_AUTORELEASING = YES;
				CLANG_WARN_BOOL_CONVERSION = YES;
				CLANG_WARN_COMMA = YES;
				CLANG_WARN_CONSTANT_CONVERSION = YES;
				CLANG_WARN_DEPRECATED_OBJC_IMPLEMENTATIONS = YES;
				CLANG_WARN_DIRECT_OBJC_ISA_USAGE = YES_ERROR;
				CLANG_WARN_DOCUMENTATION_COMMENTS = YES;
				CLANG_WARN_EMPTY_BODY = YES;
				CLANG_WARN_ENUM_CONVERSION = YES;
				CLANG_WARN_INFINITE_RECURSION = YES;
				CLANG_WARN_INT_CONVERSION = YES;
				CLANG_WARN_NON_LITERAL_NULL_CONVERSION = YES;
				CLANG_WARN_OBJC_IMPLICIT_RETAIN_SELF = YES;
				CLANG_WARN_OBJC_LITERAL_CONVERSION = YES;
				CLANG_WARN_OBJC_ROOT_CLASS = YES_ERROR;
				CLANG_WARN_RANGE_LOOP_ANALYSIS = YES;
				CLANG_WARN_STRICT_PROTOTYPES = YES;
				CLANG_WARN_SUSPICIOUS_MOVE = YES;
				CLANG_WARN_UNGUARDED_AVAILABILITY = YES_AGGRESSIVE;
				CLANG_WARN_UNREACHABLE_CODE = YES;
				CLANG_WARN__DUPLICATE_METHOD_MATCH = YES;
				CODE_SIGN_IDENTITY = "iPhone Developer";
				COPY_PHASE_STRIP = NO;
				DEBUG_INFORMATION_FORMAT = "dwarf-with-dsym";
				ENABLE_NS_ASSERTIONS = NO;
				ENABLE_STRICT_OBJC_MSGSEND = YES;
				GCC_C_LANGUAGE_STANDARD = gnu11;
				GCC_NO_COMMON_BLOCKS = YES;
				GCC_WARN_64_TO_32_BIT_CONVERSION = YES;
				GCC_WARN_ABOUT_RETURN_TYPE = YES_ERROR;
				GCC_WARN_UNDECLARED_SELECTOR = YES;
				GCC_WARN_UNINITIALIZED_AUTOS = YES_AGGRESSIVE;
				GCC_WARN_UNUSED_FUNCTION = YES;
				GCC_WARN_UNUSED_VARIABLE = YES;
				IPHONEOS_DEPLOYMENT_TARGET = 12.2;
				MTL_ENABLE_DEBUG_INFO = NO;
				MTL_FAST_MATH = YES;
				SDKROOT = iphoneos;
				SWIFT_COMPILATION_MODE = wholemodule;
				SWIFT_OPTIMIZATION_LEVEL = "-O";
				VALIDATE_PRODUCT = YES;
			};
			name = Release;
		};
		F7990235226656A7001969DD /* Debug */ = {
			isa = XCBuildConfiguration;
			buildSettings = {
				ASSETCATALOG_COMPILER_APPICON_NAME = AppIcon;
				ASSETCATALOG_COMPILER_LAUNCHIMAGE_NAME = LaunchImage;
				CODE_SIGN_STYLE = Automatic;
				DEVELOPMENT_TEAM = 53H792JNX5;
				INFOPLIST_FILE = ItsAZooInThere/Info.plist;
				LD_RUNPATH_SEARCH_PATHS = (
					"$(inherited)",
					"@executable_path/Frameworks",
				);
				PRODUCT_BUNDLE_IDENTIFIER = itlyons.ItsAZooInThere;
				PRODUCT_NAME = "$(TARGET_NAME)";
				SWIFT_VERSION = 5.0;
				TARGETED_DEVICE_FAMILY = 1;
			};
			name = Debug;
		};
		F7990236226656A7001969DD /* Release */ = {
			isa = XCBuildConfiguration;
			buildSettings = {
				ASSETCATALOG_COMPILER_APPICON_NAME = AppIcon;
				ASSETCATALOG_COMPILER_LAUNCHIMAGE_NAME = LaunchImage;
				CODE_SIGN_STYLE = Automatic;
				DEVELOPMENT_TEAM = 53H792JNX5;
				INFOPLIST_FILE = ItsAZooInThere/Info.plist;
				LD_RUNPATH_SEARCH_PATHS = (
					"$(inherited)",
					"@executable_path/Frameworks",
				);
				PRODUCT_BUNDLE_IDENTIFIER = itlyons.ItsAZooInThere;
				PRODUCT_NAME = "$(TARGET_NAME)";
				SWIFT_VERSION = 5.0;
				TARGETED_DEVICE_FAMILY = 1;
			};
			name = Release;
		};
		F7990238226656A7001969DD /* Debug */ = {
			isa = XCBuildConfiguration;
			buildSettings = {
				ALWAYS_EMBED_SWIFT_STANDARD_LIBRARIES = YES;
				BUNDLE_LOADER = "$(TEST_HOST)";
				CODE_SIGN_STYLE = Automatic;
				DEVELOPMENT_TEAM = 53H792JNX5;
				INFOPLIST_FILE = ItsAZooInThereTests/Info.plist;
				LD_RUNPATH_SEARCH_PATHS = (
					"$(inherited)",
					"@executable_path/Frameworks",
					"@loader_path/Frameworks",
				);
				PRODUCT_BUNDLE_IDENTIFIER = itlyons.ItsAZooInThereTests;
				PRODUCT_NAME = "$(TARGET_NAME)";
				SWIFT_VERSION = 5.0;
				TARGETED_DEVICE_FAMILY = "1,2";
				TEST_HOST = "$(BUILT_PRODUCTS_DIR)/ItsAZooInThere.app/ItsAZooInThere";
			};
			name = Debug;
		};
		F7990239226656A7001969DD /* Release */ = {
			isa = XCBuildConfiguration;
			buildSettings = {
				ALWAYS_EMBED_SWIFT_STANDARD_LIBRARIES = YES;
				BUNDLE_LOADER = "$(TEST_HOST)";
				CODE_SIGN_STYLE = Automatic;
				DEVELOPMENT_TEAM = 53H792JNX5;
				INFOPLIST_FILE = ItsAZooInThereTests/Info.plist;
				LD_RUNPATH_SEARCH_PATHS = (
					"$(inherited)",
					"@executable_path/Frameworks",
					"@loader_path/Frameworks",
				);
				PRODUCT_BUNDLE_IDENTIFIER = itlyons.ItsAZooInThereTests;
				PRODUCT_NAME = "$(TARGET_NAME)";
				SWIFT_VERSION = 5.0;
				TARGETED_DEVICE_FAMILY = "1,2";
				TEST_HOST = "$(BUILT_PRODUCTS_DIR)/ItsAZooInThere.app/ItsAZooInThere";
			};
			name = Release;
		};
/* End XCBuildConfiguration section */

/* Begin XCConfigurationList section */
		F7990212226656A5001969DD /* Build configuration list for PBXProject "ItsAZooInThere" */ = {
			isa = XCConfigurationList;
			buildConfigurations = (
				F7990232226656A7001969DD /* Debug */,
				F7990233226656A7001969DD /* Release */,
			);
			defaultConfigurationIsVisible = 0;
			defaultConfigurationName = Release;
		};
		F7990234226656A7001969DD /* Build configuration list for PBXNativeTarget "ItsAZooInThere" */ = {
			isa = XCConfigurationList;
			buildConfigurations = (
				F7990235226656A7001969DD /* Debug */,
				F7990236226656A7001969DD /* Release */,
			);
			defaultConfigurationIsVisible = 0;
			defaultConfigurationName = Release;
		};
		F7990237226656A7001969DD /* Build configuration list for PBXNativeTarget "ItsAZooInThereTests" */ = {
			isa = XCConfigurationList;
			buildConfigurations = (
				F7990238226656A7001969DD /* Debug */,
				F7990239226656A7001969DD /* Release */,
			);
			defaultConfigurationIsVisible = 0;
			defaultConfigurationName = Release;
		};
/* End XCConfigurationList section */
	};
	rootObject = F799020F226656A5001969DD /* Project object */;
}
